
Microsoft Visual Studio Solution File, Format Version 12.00
# Visual Studio Version 17
VisualStudioVersion = 17.11.35312.102
MinimumVisualStudioVersion = 10.0.40219.1
Project("{9A19103F-16F7-4668-BE54-9A1E7A4F7556}") = "DataAccessLayer", "DataAccessLayer\DataAccessLayer.csproj", "{AAF15557-FAB1-4B62-AA86-AF1D6DDBD1DC}"
EndProject
Project("{9A19103F-16F7-4668-BE54-9A1E7A4F7556}") = "ModelClass", "ModelClass\ModelClass.csproj", "{3E5B5469-F722-4F53-8442-2614515786E2}"
EndProject
Project("{9A19103F-16F7-4668-BE54-9A1E7A4F7556}") = "SchoolManagementSystem", "SchoolManagementSystem\SchoolManagementSystem.csproj", "{29BA4EB2-F5BD-488A-B521-E6FF2A38ED3C}"
EndProject
Global
	GlobalSection(SolutionConfigurationPlatforms) = preSolution
		Debug|Any CPU = Debug|Any CPU
		Release|Any CPU = Release|Any CPU
	EndGlobalSection
	GlobalSection(ProjectConfigurationPlatforms) = postSolution
		{AAF15557-FAB1-4B62-AA86-AF1D6DDBD1DC}.Debug|Any CPU.ActiveCfg = Debug|Any CPU
		{AAF15557-FAB1-4B62-AA86-AF1D6DDBD1DC}.Debug|Any CPU.Build.0 = Debug|Any CPU
		{AAF15557-FAB1-4B62-AA86-AF1D6DDBD1DC}.Release|Any CPU.ActiveCfg = Release|Any CPU
		{AAF15557-FAB1-4B62-AA86-AF1D6DDBD1DC}.Release|Any CPU.Build.0 = Release|Any CPU
		{3E5B5469-F722-4F53-8442-2614515786E2}.Debug|Any CPU.ActiveCfg = Debug|Any CPU
		{3E5B5469-F722-4F53-8442-2614515786E2}.Debug|Any CPU.Build.0 = Debug|Any CPU
		{3E5B5469-F722-4F53-8442-2614515786E2}.Release|Any CPU.ActiveCfg = Release|Any CPU
		{3E5B5469-F722-4F53-8442-2614515786E2}.Release|Any CPU.Build.0 = Release|Any CPU
		{29BA4EB2-F5BD-488A-B521-E6FF2A38ED3C}.Debug|Any CPU.ActiveCfg = Debug|Any CPU
		{29BA4EB2-F5BD-488A-B521-E6FF2A38ED3C}.Debug|Any CPU.Build.0 = Debug|Any CPU
		{29BA4EB2-F5BD-488A-B521-E6FF2A38ED3C}.Release|Any CPU.ActiveCfg = Release|Any CPU
		{29BA4EB2-F5BD-488A-B521-E6FF2A38ED3C}.Release|Any CPU.Build.0 = Release|Any CPU
	EndGlobalSection
	GlobalSection(SolutionProperties) = preSolution
		HideSolutionNode = FALSE
	EndGlobalSection
	GlobalSection(ExtensibilityGlobals) = postSolution
		SolutionGuid = {F2B14603-F429-4F08-BD78-1AF31FC401B4}
	EndGlobalSection
EndGlobal
